
Microsoft Visual Studio Solution File, Format Version 12.00
# Visual Studio Version 16
VisualStudioVersion = 16.0.31729.503
MinimumVisualStudioVersion = 10.0.40219.1
Project("{FAE04EC0-301F-11D3-BF4B-00C04F79EFBC}") = "Employee", "Employee\Employee.csproj", "{9294D93E-1F7C-43B1-9083-A6E028554B7A}"
EndProject
Global
	GlobalSection(SolutionConfigurationPlatforms) = preSolution
		Debug|Any CPU = Debug|Any CPU
		Release|Any CPU = Release|Any CPU
	EndGlobalSection
	GlobalSection(ProjectConfigurationPlatforms) = postSolution
		{9294D93E-1F7C-43B1-9083-A6E028554B7A}.Debug|Any CPU.ActiveCfg = Debug|Any CPU
		{9294D93E-1F7C-43B1-9083-A6E028554B7A}.Debug|Any CPU.Build.0 = Debug|Any CPU
		{9294D93E-1F7C-43B1-9083-A6E028554B7A}.Release|Any CPU.ActiveCfg = Release|Any CPU
		{9294D93E-1F7C-43B1-9083-A6E028554B7A}.Release|Any CPU.Build.0 = Release|Any CPU
	EndGlobalSection
	GlobalSection(SolutionProperties) = preSolution
		HideSolutionNode = FALSE
	EndGlobalSection
	GlobalSection(ExtensibilityGlobals) = postSolution
		SolutionGuid = {D7E3E6AB-E844-4A33-83E0-25BB679BEC38}
	EndGlobalSection
EndGlobal
